
Microsoft Visual Studio Solution File, Format Version 12.00
# Visual Studio Version 16
VisualStudioVersion = 16.0.30503.244
MinimumVisualStudioVersion = 10.0.40219.1
Project("{9A19103F-16F7-4668-BE54-9A1E7A4F7556}") = "Birthday calculator", "Birthday calculator\Birthday calculator.csproj", "{3A9A4A9B-3E31-43A9-8F06-BBC2D00FC068}"
EndProject
Global
	GlobalSection(SolutionConfigurationPlatforms) = preSolution
		Debug|Any CPU = Debug|Any CPU
		Release|Any CPU = Release|Any CPU
	EndGlobalSection
	GlobalSection(ProjectConfigurationPlatforms) = postSolution
		{3A9A4A9B-3E31-43A9-8F06-BBC2D00FC068}.Debug|Any CPU.ActiveCfg = Debug|Any CPU
		{3A9A4A9B-3E31-43A9-8F06-BBC2D00FC068}.Debug|Any CPU.Build.0 = Debug|Any CPU
		{3A9A4A9B-3E31-43A9-8F06-BBC2D00FC068}.Release|Any CPU.ActiveCfg = Release|Any CPU
		{3A9A4A9B-3E31-43A9-8F06-BBC2D00FC068}.Release|Any CPU.Build.0 = Release|Any CPU
	EndGlobalSection
	GlobalSection(SolutionProperties) = preSolution
		HideSolutionNode = FALSE
	EndGlobalSection
	GlobalSection(ExtensibilityGlobals) = postSolution
		SolutionGuid = {58FAA91B-336D-4D65-B36C-0A21B9622945}
	EndGlobalSection
EndGlobal
